// !$*UTF8*$!
{
	archiveVersion = 1;
	classes = {
	};
	objectVersion = 50;
	objects = {

/* Begin PBXBuildFile section */
		E02BAED321727568007989EE /* main.mm in Sources */ = {isa = PBXBuildFile; fileRef = E02BAED221727568007989EE /* main.mm */; };
		E02BAEDC21727714007989EE /* Cocoa.framework in Frameworks */ = {isa = PBXBuildFile; fileRef = E02BAEDB21727714007989EE /* Cocoa.framework */; };
		E02BAEDE217277FD007989EE /* Metal.framework in Frameworks */ = {isa = PBXBuildFile; fileRef = E02BAEDD217277FD007989EE /* Metal.framework */; };
		E02BAEE021727980007989EE /* Quartz.framework in Frameworks */ = {isa = PBXBuildFile; fileRef = E02BAEDF21727980007989EE /* Quartz.framework */; };
		E0AAAB1F21732F050049E03E /* MetalView.mm in Sources */ = {isa = PBXBuildFile; fileRef = E0AAAB1E21732F050049E03E /* MetalView.mm */; };
/* End PBXBuildFile section */

/* Begin PBXFileReference section */
		E02BAEC621727567007989EE /* Metal-Nyumon.app */ = {isa = PBXFileReference; explicitFileType = wrapper.application; includeInIndex = 0; path = "Metal-Nyumon.app"; sourceTree = BUILT_PRODUCTS_DIR; };
		E02BAED121727568007989EE /* Info.plist */ = {isa = PBXFileReference; lastKnownFileType = text.plist.xml; path = Info.plist; sourceTree = "<group>"; };
		E02BAED221727568007989EE /* main.mm */ = {isa = PBXFileReference; lastKnownFileType = sourcecode.cpp.objcpp; path = main.mm; sourceTree = "<group>"; };
		E02BAEDB21727714007989EE /* Cocoa.framework */ = {isa = PBXFileReference; lastKnownFileType = wrapper.framework; name = Cocoa.framework; path = System/Library/Frameworks/Cocoa.framework; sourceTree = SDKROOT; };
		E02BAEDD217277FD007989EE /* Metal.framework */ = {isa = PBXFileReference; lastKnownFileType = wrapper.framework; name = Metal.framework; path = System/Library/Frameworks/Metal.framework; sourceTree = SDKROOT; };
		E02BAEDF21727980007989EE /* Quartz.framework */ = {isa = PBXFileReference; lastKnownFileType = wrapper.framework; name = Quartz.framework; path = System/Library/Frameworks/Quartz.framework; sourceTree = SDKROOT; };
		E02BAEE121727A19007989EE /* MetalView.h */ = {isa = PBXFileReference; lastKnownFileType = sourcecode.c.h; path = MetalView.h; sourceTree = "<group>"; };
		E0AAAB1E21732F050049E03E /* MetalView.mm */ = {isa = PBXFileReference; fileEncoding = 4; lastKnownFileType = sourcecode.cpp.objcpp; path = MetalView.mm; sourceTree = "<group>"; };
/* End PBXFileReference section */

/* Begin PBXFrameworksBuildPhase section */
		E02BAEC321727567007989EE /* Frameworks */ = {
			isa = PBXFrameworksBuildPhase;
			buildActionMask = 2147483647;
			files = (
				E02BAEE021727980007989EE /* Quartz.framework in Frameworks */,
				E02BAEDE217277FD007989EE /* Metal.framework in Frameworks */,
				E02BAEDC21727714007989EE /* Cocoa.framework in Frameworks */,
			);
			runOnlyForDeploymentPostprocessing = 0;
		};
/* End PBXFrameworksBuildPhase section */

/* Begin PBXGroup section */
		E02BAEBD21727567007989EE = {
			isa = PBXGroup;
			children = (
				E02BAEC821727567007989EE /* Metal-Nyumon */,
				E02BAEC721727567007989EE /* Products */,
				E02BAEDA21727714007989EE /* Frameworks */,
			);
			sourceTree = "<group>";
		};
		E02BAEC721727567007989EE /* Products */ = {
			isa = PBXGroup;
			children = (
				E02BAEC621727567007989EE /* Metal-Nyumon.app */,
			);
			name = Products;
			sourceTree = "<group>";
		};
		E02BAEC821727567007989EE /* Metal-Nyumon */ = {
			isa = PBXGroup;
			children = (
				E02BAEE121727A19007989EE /* MetalView.h */,
				E0AAAB1E21732F050049E03E /* MetalView.mm */,
				E02BAED221727568007989EE /* main.mm */,
				E02BAED121727568007989EE /* Info.plist */,
			);
			path = "Metal-Nyumon";
			sourceTree = "<group>";
		};
		E02BAEDA21727714007989EE /* Frameworks */ = {
			isa = PBXGroup;
			children = (
				E02BAEDF21727980007989EE /* Quartz.framework */,
				E02BAEDD217277FD007989EE /* Metal.framework */,
				E02BAEDB21727714007989EE /* Cocoa.framework */,
			);
			name = Frameworks;
			sourceTree = "<group>";
		};
/* End PBXGroup section */

/* Begin PBXNativeTarget section */
		E02BAEC521727567007989EE /* Metal-Nyumon */ = {
			isa = PBXNativeTarget;
			buildConfigurationList = E02BAED721727568007989EE /* Build configuration list for PBXNativeTarget "Metal-Nyumon" */;
			buildPhases = (
				E02BAEC221727567007989EE /* Sources */,
				E02BAEC321727567007989EE /* Frameworks */,
				E02BAEC421727567007989EE /* Resources */,
				E0AAAB27217360150049E03E /* ShellScript */,
			);
			buildRules = (
			);
			dependencies = (
			);
			name = "Metal-Nyumon";
			productName = "Metal-Nyumon";
			productReference = E02BAEC621727567007989EE /* Metal-Nyumon.app */;
			productType = "com.apple.product-type.application";
		};
/* End PBXNativeTarget section */

/* Begin PBXProject section */
		E02BAEBE21727567007989EE /* Project object */ = {
			isa = PBXProject;
			attributes = {
				LastUpgradeCheck = 1130;
				ORGANIZATIONNAME = mizt;
				TargetAttributes = {
					E02BAEC521727567007989EE = {
						CreatedOnToolsVersion = 10.0;
					};
				};
			};
			buildConfigurationList = E02BAEC121727567007989EE /* Build configuration list for PBXProject "Metal-Nyumon" */;
			compatibilityVersion = "Xcode 9.3";
			developmentRegion = en;
			hasScannedForEncodings = 0;
			knownRegions = (
				en,
				Base,
			);
			mainGroup = E02BAEBD21727567007989EE;
			productRefGroup = E02BAEC721727567007989EE /* Products */;
			projectDirPath = "";
			projectRoot = "";
			targets = (
				E02BAEC521727567007989EE /* Metal-Nyumon */,
			);
		};
/* End PBXProject section */

/* Begin PBXResourcesBuildPhase section */
		E02BAEC421727567007989EE /* Resources */ = {
			isa = PBXResourcesBuildPhase;
			buildActionMask = 2147483647;
			files = (
			);
			runOnlyForDeploymentPostprocessing = 0;
		};
/* End PBXResourcesBuildPhase section */

/* Begin PBXShellScriptBuildPhase section */
		E0AAAB27217360150049E03E /* ShellScript */ = {
			isa = PBXShellScriptBuildPhase;
			buildActionMask = 2147483647;
			files = (
			);
			inputFileListPaths = (
			);
			inputPaths = (
			);
			outputFileListPaths = (
			);
			outputPaths = (
			);
			runOnlyForDeploymentPostprocessing = 0;
			shellPath = /bin/sh;
			shellScript = "mkdir -p ${BUILT_PRODUCTS_DIR}/${PRODUCT_NAME}.app/Contents/Resources\ncp -n ./Resources/* ${BUILT_PRODUCTS_DIR}/${PRODUCT_NAME}.app/Contents/Resources | true\n";
		};
/* End PBXShellScriptBuildPhase section */

/* Begin PBXSourcesBuildPhase section */
		E02BAEC221727567007989EE /* Sources */ = {
			isa = PBXSourcesBuildPhase;
			buildActionMask = 2147483647;
			files = (
				E0AAAB1F21732F050049E03E /* MetalView.mm in Sources */,
				E02BAED321727568007989EE /* main.mm in Sources */,
			);
			runOnlyForDeploymentPostprocessing = 0;
		};
/* End PBXSourcesBuildPhase section */

/* Begin XCBuildConfiguration section */
		E02BAED521727568007989EE /* Debug */ = {
			isa = XCBuildConfiguration;
			buildSettings = {
				ALWAYS_SEARCH_USER_PATHS = NO;
				CLANG_ANALYZER_NONNULL = YES;
				CLANG_ANALYZER_NUMBER_OBJECT_CONVERSION = YES_AGGRESSIVE;
				CLANG_CXX_LANGUAGE_STANDARD = "gnu++14";
				CLANG_CXX_LIBRARY = "libc++";
				CLANG_ENABLE_MODULES = YES;
				CLANG_ENABLE_OBJC_ARC = YES;
				CLANG_ENABLE_OBJC_WEAK = YES;
				CLANG_WARN_BLOCK_CAPTURE_AUTORELEASING = YES;
				CLANG_WARN_BOOL_CONVERSION = YES;
				CLANG_WARN_COMMA = YES;
				CLANG_WARN_CONSTANT_CONVERSION = YES;
				CLANG_WARN_DEPRECATED_OBJC_IMPLEMENTATIONS = YES;
				CLANG_WARN_DIRECT_OBJC_ISA_USAGE = YES_ERROR;
				CLANG_WARN_DOCUMENTATION_COMMENTS = YES;
				CLANG_WARN_EMPTY_BODY = YES;
				CLANG_WARN_ENUM_CONVERSION = YES;
				CLANG_WARN_INFINITE_RECURSION = YES;
				CLANG_WARN_INT_CONVERSION = YES;
				CLANG_WARN_NON_LITERAL_NULL_CONVERSION = YES;
				CLANG_WARN_OBJC_IMPLICIT_RETAIN_SELF = YES;
				CLANG_WARN_OBJC_LITERAL_CONVERSION = YES;
				CLANG_WARN_OBJC_ROOT_CLASS = YES_ERROR;
				CLANG_WARN_RANGE_LOOP_ANALYSIS = YES;
				CLANG_WARN_STRICT_PROTOTYPES = YES;
				CLANG_WARN_SUSPICIOUS_MOVE = YES;
				CLANG_WARN_UNGUARDED_AVAILABILITY = YES_AGGRESSIVE;
				CLANG_WARN_UNREACHABLE_CODE = YES;
				CLANG_WARN__DUPLICATE_METHOD_MATCH = YES;
				CODE_SIGN_IDENTITY = "Mac Developer";
				COPY_PHASE_STRIP = NO;
				DEBUG_INFORMATION_FORMAT = dwarf;
				ENABLE_STRICT_OBJC_MSGSEND = YES;
				ENABLE_TESTABILITY = YES;
				GCC_C_LANGUAGE_STANDARD = gnu11;
				GCC_DYNAMIC_NO_PIC = NO;
				GCC_NO_COMMON_BLOCKS = YES;
				GCC_OPTIMIZATION_LEVEL = 3;
				GCC_PREPROCESSOR_DEFINITIONS = (
					"DEBUG=1",
					"$(inherited)",
				);
				GCC_WARN_64_TO_32_BIT_CONVERSION = YES;
				GCC_WARN_ABOUT_RETURN_TYPE = YES_ERROR;
				GCC_WARN_UNDECLARED_SELECTOR = YES;
				GCC_WARN_UNINITIALIZED_AUTOS = YES_AGGRESSIVE;
				GCC_WARN_UNUSED_FUNCTION = YES;
				GCC_WARN_UNUSED_VARIABLE = YES;
				MACOSX_DEPLOYMENT_TARGET = 10.14;
				MTL_ENABLE_DEBUG_INFO = INCLUDE_SOURCE;
				MTL_FAST_MATH = YES;
				ONLY_ACTIVE_ARCH = YES;
				SDKROOT = macosx;
				VALID_ARCHS = x86_64;
			};
			name = Debug;
		};
		E02BAED621727568007989EE /* Release */ = {
			isa = XCBuildConfiguration;
			buildSettings = {
				ALWAYS_SEARCH_USER_PATHS = NO;
				CLANG_ANALYZER_NONNULL = YES;
				CLANG_ANALYZER_NUMBER_OBJECT_CONVERSION = YES_AGGRESSIVE;
				CLANG_CXX_LANGUAGE_STANDARD = "gnu++14";
				CLANG_CXX_LIBRARY = "libc++";
				CLANG_ENABLE_MODULES = YES;
				CLANG_ENABLE_OBJC_ARC = YES;
				CLANG_ENABLE_OBJC_WEAK = YES;
				CLANG_WARN_BLOCK_CAPTURE_AUTORELEASING = YES;
				CLANG_WARN_BOOL_CONVERSION = YES;
				CLANG_WARN_COMMA = YES;
				CLANG_WARN_CONSTANT_CONVERSION = YES;
				CLANG_WARN_DEPRECATED_OBJC_IMPLEMENTATIONS = YES;
				CLANG_WARN_DIRECT_OBJC_ISA_USAGE = YES_ERROR;
				CLANG_WARN_DOCUMENTATION_COMMENTS = YES;
				CLANG_WARN_EMPTY_BODY = YES;
				CLANG_WARN_ENUM_CONVERSION = YES;
				CLANG_WARN_INFINITE_RECURSION = YES;
				CLANG_WARN_INT_CONVERSION = YES;
				CLANG_WARN_NON_LITERAL_NULL_CONVERSION = YES;
				CLANG_WARN_OBJC_IMPLICIT_RETAIN_SELF = YES;
				CLANG_WARN_OBJC_LITERAL_CONVERSION = YES;
				CLANG_WARN_OBJC_ROOT_CLASS = YES_ERROR;
				CLANG_WARN_RANGE_LOOP_ANALYSIS = YES;
				CLANG_WARN_STRICT_PROTOTYPES = YES;
				CLANG_WARN_SUSPICIOUS_MOVE = YES;
				CLANG_WARN_UNGUARDED_AVAILABILITY = YES_AGGRESSIVE;
				CLANG_WARN_UNREACHABLE_CODE = YES;
				CLANG_WARN__DUPLICATE_METHOD_MATCH = YES;
				CODE_SIGN_IDENTITY = "Mac Developer";
				COPY_PHASE_STRIP = NO;
				DEBUG_INFORMATION_FORMAT = "dwarf-with-dsym";
				ENABLE_NS_ASSERTIONS = NO;
				ENABLE_STRICT_OBJC_MSGSEND = YES;
				GCC_C_LANGUAGE_STANDARD = gnu11;
				GCC_NO_COMMON_BLOCKS = YES;
				GCC_WARN_64_TO_32_BIT_CONVERSION = YES;
				GCC_WARN_ABOUT_RETURN_TYPE = YES_ERROR;
				GCC_WARN_UNDECLARED_SELECTOR = YES;
				GCC_WARN_UNINITIALIZED_AUTOS = YES_AGGRESSIVE;
				GCC_WARN_UNUSED_FUNCTION = YES;
				GCC_WARN_UNUSED_VARIABLE = YES;
				MACOSX_DEPLOYMENT_TARGET = 10.14;
				MTL_ENABLE_DEBUG_INFO = NO;
				MTL_FAST_MATH = YES;
				SDKROOT = macosx;
				VALID_ARCHS = x86_64;
			};
			name = Release;
		};
		E02BAED821727568007989EE /* Debug */ = {
			isa = XCBuildConfiguration;
			buildSettings = {
				CODE_SIGN_ENTITLEMENTS = "";
				CODE_SIGN_IDENTITY = "-";
				CODE_SIGN_STYLE = Automatic;
				COMBINE_HIDPI_IMAGES = YES;
				DEVELOPMENT_TEAM = 8J2F7A485D;
				INFOPLIST_FILE = "Metal-Nyumon/Info.plist";
				LD_RUNPATH_SEARCH_PATHS = (
					"$(inherited)",
					"@executable_path/../Frameworks",
				);
				PRODUCT_BUNDLE_IDENTIFIER = "org.mizt.Metal-Nyumon";
				PRODUCT_NAME = "$(TARGET_NAME)";
			};
			name = Debug;
		};
		E02BAED921727568007989EE /* Release */ = {
			isa = XCBuildConfiguration;
			buildSettings = {
				CODE_SIGN_ENTITLEMENTS = "";
				CODE_SIGN_IDENTITY = "-";
				CODE_SIGN_STYLE = Automatic;
				COMBINE_HIDPI_IMAGES = YES;
				DEVELOPMENT_TEAM = 8J2F7A485D;
				INFOPLIST_FILE = "Metal-Nyumon/Info.plist";
				LD_RUNPATH_SEARCH_PATHS = (
					"$(inherited)",
					"@executable_path/../Frameworks",
				);
				PRODUCT_BUNDLE_IDENTIFIER = "org.mizt.Metal-Nyumon";
				PRODUCT_NAME = "$(TARGET_NAME)";
			};
			name = Release;
		};
/* End XCBuildConfiguration section */

/* Begin XCConfigurationList section */
		E02BAEC121727567007989EE /* Build configuration list for PBXProject "Metal-Nyumon" */ = {
			isa = XCConfigurationList;
			buildConfigurations = (
				E02BAED521727568007989EE /* Debug */,
				E02BAED621727568007989EE /* Release */,
			);
			defaultConfigurationIsVisible = 0;
			defaultConfigurationName = Release;
		};
		E02BAED721727568007989EE /* Build configuration list for PBXNativeTarget "Metal-Nyumon" */ = {
			isa = XCConfigurationList;
			buildConfigurations = (
				E02BAED821727568007989EE /* Debug */,
				E02BAED921727568007989EE /* Release */,
			);
			defaultConfigurationIsVisible = 0;
			defaultConfigurationName = Release;
		};
/* End XCConfigurationList section */
	};
	rootObject = E02BAEBE21727567007989EE /* Project object */;
}
